
Microsoft Visual Studio Solution File, Format Version 12.00
# Visual Studio Version 17
VisualStudioVersion = 17.0.31903.59
MinimumVisualStudioVersion = 10.0.40219.1
Project("{2150E333-8FDC-42A3-9474-1A3956D46DE8}") = "src", "src", "{827E0CD3-B72D-47B6-A68D-7590B98EB39B}"
EndProject
Project("{FAE04EC0-301F-11D3-BF4B-00C04F79EFBC}") = "Woody.Api", "src\Woody.Api\Woody.Api.csproj", "{C78BEE34-7141-429F-9504-048F3EB9DA51}"
EndProject
Project("{FAE04EC0-301F-11D3-BF4B-00C04F79EFBC}") = "Woody.Application", "src\Woody.Application\Woody.Application.csproj", "{08A6FFDE-2F0C-4CA1-A173-5D13093F008C}"
EndProject
Project("{FAE04EC0-301F-11D3-BF4B-00C04F79EFBC}") = "Woody.Domain", "src\Woody.Domain\Woody.Domain.csproj", "{A41CFB7F-4DAF-4392-B803-838D7FC3FC96}"
EndProject
Project("{FAE04EC0-301F-11D3-BF4B-00C04F79EFBC}") = "Woody.Infrastructure", "src\Woody.Infrastructure\Woody.Infrastructure.csproj", "{0DD7974B-B233-4B8F-B83F-FFFDFEDE1C3A}"
EndProject
Project("{2150E333-8FDC-42A3-9474-1A3956D46DE8}") = "tests", "tests", "{0AB3BF05-4346-4AA6-1389-037BE0695223}"
EndProject
Project("{FAE04EC0-301F-11D3-BF4B-00C04F79EFBC}") = "Woody.Domain.Tests", "tests\Woody.Domain.Tests\Woody.Domain.Tests.csproj", "{D606F183-4F16-4A39-8500-4F1040E61CD0}"
EndProject
Project("{FAE04EC0-301F-11D3-BF4B-00C04F79EFBC}") = "Woody.Application.Tests", "tests\Woody.Application.Tests\Woody.Application.Tests.csproj", "{404E1FC5-1125-4FAB-9312-93D2F07AB1DA}"
EndProject
Project("{FAE04EC0-301F-11D3-BF4B-00C04F79EFBC}") = "Woody.Infrastructure.Tests", "tests\Woody.Infrastructure.Tests\Woody.Infrastructure.Tests.csproj", "{BA97E491-DFB2-4337-B90A-BDF0ED0DDA9B}"
EndProject
Project("{FAE04EC0-301F-11D3-BF4B-00C04F79EFBC}") = "Woody.Api.Tests", "tests\Woody.Api.Tests\Woody.Api.Tests.csproj", "{16DD985E-8FFF-41F4-93CD-887379946EA5}"
EndProject
Global
	GlobalSection(SolutionConfigurationPlatforms) = preSolution
		Debug|Any CPU = Debug|Any CPU
		Debug|x64 = Debug|x64
		Debug|x86 = Debug|x86
		Release|Any CPU = Release|Any CPU
		Release|x64 = Release|x64
		Release|x86 = Release|x86
	EndGlobalSection
	GlobalSection(ProjectConfigurationPlatforms) = postSolution
		{C78BEE34-7141-429F-9504-048F3EB9DA51}.Debug|Any CPU.ActiveCfg = Debug|Any CPU
		{C78BEE34-7141-429F-9504-048F3EB9DA51}.Debug|Any CPU.Build.0 = Debug|Any CPU
		{C78BEE34-7141-429F-9504-048F3EB9DA51}.Debug|x64.ActiveCfg = Debug|Any CPU
		{C78BEE34-7141-429F-9504-048F3EB9DA51}.Debug|x64.Build.0 = Debug|Any CPU
		{C78BEE34-7141-429F-9504-048F3EB9DA51}.Debug|x86.ActiveCfg = Debug|Any CPU
		{C78BEE34-7141-429F-9504-048F3EB9DA51}.Debug|x86.Build.0 = Debug|Any CPU
		{C78BEE34-7141-429F-9504-048F3EB9DA51}.Release|Any CPU.ActiveCfg = Release|Any CPU
		{C78BEE34-7141-429F-9504-048F3EB9DA51}.Release|Any CPU.Build.0 = Release|Any CPU
		{C78BEE34-7141-429F-9504-048F3EB9DA51}.Release|x64.ActiveCfg = Release|Any CPU
		{C78BEE34-7141-429F-9504-048F3EB9DA51}.Release|x64.Build.0 = Release|Any CPU
		{C78BEE34-7141-429F-9504-048F3EB9DA51}.Release|x86.ActiveCfg = Release|Any CPU
		{C78BEE34-7141-429F-9504-048F3EB9DA51}.Release|x86.Build.0 = Release|Any CPU
		{08A6FFDE-2F0C-4CA1-A173-5D13093F008C}.Debug|Any CPU.ActiveCfg = Debug|Any CPU
		{08A6FFDE-2F0C-4CA1-A173-5D13093F008C}.Debug|Any CPU.Build.0 = Debug|Any CPU
		{08A6FFDE-2F0C-4CA1-A173-5D13093F008C}.Debug|x64.ActiveCfg = Debug|Any CPU
		{08A6FFDE-2F0C-4CA1-A173-5D13093F008C}.Debug|x64.Build.0 = Debug|Any CPU
		{08A6FFDE-2F0C-4CA1-A173-5D13093F008C}.Debug|x86.ActiveCfg = Debug|Any CPU
		{08A6FFDE-2F0C-4CA1-A173-5D13093F008C}.Debug|x86.Build.0 = Debug|Any CPU
		{08A6FFDE-2F0C-4CA1-A173-5D13093F008C}.Release|Any CPU.ActiveCfg = Release|Any CPU
		{08A6FFDE-2F0C-4CA1-A173-5D13093F008C}.Release|Any CPU.Build.0 = Release|Any CPU
		{08A6FFDE-2F0C-4CA1-A173-5D13093F008C}.Release|x64.ActiveCfg = Release|Any CPU
		{08A6FFDE-2F0C-4CA1-A173-5D13093F008C}.Release|x64.Build.0 = Release|Any CPU
		{08A6FFDE-2F0C-4CA1-A173-5D13093F008C}.Release|x86.ActiveCfg = Release|Any CPU
		{08A6FFDE-2F0C-4CA1-A173-5D13093F008C}.Release|x86.Build.0 = Release|Any CPU
		{A41CFB7F-4DAF-4392-B803-838D7FC3FC96}.Debug|Any CPU.ActiveCfg = Debug|Any CPU
		{A41CFB7F-4DAF-4392-B803-838D7FC3FC96}.Debug|Any CPU.Build.0 = Debug|Any CPU
		{A41CFB7F-4DAF-4392-B803-838D7FC3FC96}.Debug|x64.ActiveCfg = Debug|Any CPU
		{A41CFB7F-4DAF-4392-B803-838D7FC3FC96}.Debug|x64.Build.0 = Debug|Any CPU
		{A41CFB7F-4DAF-4392-B803-838D7FC3FC96}.Debug|x86.ActiveCfg = Debug|Any CPU
		{A41CFB7F-4DAF-4392-B803-838D7FC3FC96}.Debug|x86.Build.0 = Debug|Any CPU
		{A41CFB7F-4DAF-4392-B803-838D7FC3FC96}.Release|Any CPU.ActiveCfg = Release|Any CPU
		{A41CFB7F-4DAF-4392-B803-838D7FC3FC96}.Release|Any CPU.Build.0 = Release|Any CPU
		{A41CFB7F-4DAF-4392-B803-838D7FC3FC96}.Release|x64.ActiveCfg = Release|Any CPU
		{A41CFB7F-4DAF-4392-B803-838D7FC3FC96}.Release|x64.Build.0 = Release|Any CPU
		{A41CFB7F-4DAF-4392-B803-838D7FC3FC96}.Release|x86.ActiveCfg = Release|Any CPU
		{A41CFB7F-4DAF-4392-B803-838D7FC3FC96}.Release|x86.Build.0 = Release|Any CPU
		{0DD7974B-B233-4B8F-B83F-FFFDFEDE1C3A}.Debug|Any CPU.ActiveCfg = Debug|Any CPU
		{0DD7974B-B233-4B8F-B83F-FFFDFEDE1C3A}.Debug|Any CPU.Build.0 = Debug|Any CPU
		{0DD7974B-B233-4B8F-B83F-FFFDFEDE1C3A}.Debug|x64.ActiveCfg = Debug|Any CPU
		{0DD7974B-B233-4B8F-B83F-FFFDFEDE1C3A}.Debug|x64.Build.0 = Debug|Any CPU
		{0DD7974B-B233-4B8F-B83F-FFFDFEDE1C3A}.Debug|x86.ActiveCfg = Debug|Any CPU
		{0DD7974B-B233-4B8F-B83F-FFFDFEDE1C3A}.Debug|x86.Build.0 = Debug|Any CPU
		{0DD7974B-B233-4B8F-B83F-FFFDFEDE1C3A}.Release|Any CPU.ActiveCfg = Release|Any CPU
		{0DD7974B-B233-4B8F-B83F-FFFDFEDE1C3A}.Release|Any CPU.Build.0 = Release|Any CPU
		{0DD7974B-B233-4B8F-B83F-FFFDFEDE1C3A}.Release|x64.ActiveCfg = Release|Any CPU
		{0DD7974B-B233-4B8F-B83F-FFFDFEDE1C3A}.Release|x64.Build.0 = Release|Any CPU
		{0DD7974B-B233-4B8F-B83F-FFFDFEDE1C3A}.Release|x86.ActiveCfg = Release|Any CPU
		{0DD7974B-B233-4B8F-B83F-FFFDFEDE1C3A}.Release|x86.Build.0 = Release|Any CPU
		{D606F183-4F16-4A39-8500-4F1040E61CD0}.Debug|Any CPU.ActiveCfg = Debug|Any CPU
		{D606F183-4F16-4A39-8500-4F1040E61CD0}.Debug|Any CPU.Build.0 = Debug|Any CPU
		{D606F183-4F16-4A39-8500-4F1040E61CD0}.Debug|x64.ActiveCfg = Debug|Any CPU
		{D606F183-4F16-4A39-8500-4F1040E61CD0}.Debug|x64.Build.0 = Debug|Any CPU
		{D606F183-4F16-4A39-8500-4F1040E61CD0}.Debug|x86.ActiveCfg = Debug|Any CPU
		{D606F183-4F16-4A39-8500-4F1040E61CD0}.Debug|x86.Build.0 = Debug|Any CPU
		{D606F183-4F16-4A39-8500-4F1040E61CD0}.Release|Any CPU.ActiveCfg = Release|Any CPU
		{D606F183-4F16-4A39-8500-4F1040E61CD0}.Release|Any CPU.Build.0 = Release|Any CPU
		{D606F183-4F16-4A39-8500-4F1040E61CD0}.Release|x64.ActiveCfg = Release|Any CPU
		{D606F183-4F16-4A39-8500-4F1040E61CD0}.Release|x64.Build.0 = Release|Any CPU
		{D606F183-4F16-4A39-8500-4F1040E61CD0}.Release|x86.ActiveCfg = Release|Any CPU
		{D606F183-4F16-4A39-8500-4F1040E61CD0}.Release|x86.Build.0 = Release|Any CPU
		{404E1FC5-1125-4FAB-9312-93D2F07AB1DA}.Debug|Any CPU.ActiveCfg = Debug|Any CPU
		{404E1FC5-1125-4FAB-9312-93D2F07AB1DA}.Debug|Any CPU.Build.0 = Debug|Any CPU
		{404E1FC5-1125-4FAB-9312-93D2F07AB1DA}.Debug|x64.ActiveCfg = Debug|Any CPU
		{404E1FC5-1125-4FAB-9312-93D2F07AB1DA}.Debug|x64.Build.0 = Debug|Any CPU
		{404E1FC5-1125-4FAB-9312-93D2F07AB1DA}.Debug|x86.ActiveCfg = Debug|Any CPU
		{404E1FC5-1125-4FAB-9312-93D2F07AB1DA}.Debug|x86.Build.0 = Debug|Any CPU
		{404E1FC5-1125-4FAB-9312-93D2F07AB1DA}.Release|Any CPU.ActiveCfg = Release|Any CPU
		{404E1FC5-1125-4FAB-9312-93D2F07AB1DA}.Release|Any CPU.Build.0 = Release|Any CPU
		{404E1FC5-1125-4FAB-9312-93D2F07AB1DA}.Release|x64.ActiveCfg = Release|Any CPU
		{404E1FC5-1125-4FAB-9312-93D2F07AB1DA}.Release|x64.Build.0 = Release|Any CPU
		{404E1FC5-1125-4FAB-9312-93D2F07AB1DA}.Release|x86.ActiveCfg = Release|Any CPU
		{404E1FC5-1125-4FAB-9312-93D2F07AB1DA}.Release|x86.Build.0 = Release|Any CPU
		{BA97E491-DFB2-4337-B90A-BDF0ED0DDA9B}.Debug|Any CPU.ActiveCfg = Debug|Any CPU
		{BA97E491-DFB2-4337-B90A-BDF0ED0DDA9B}.Debug|Any CPU.Build.0 = Debug|Any CPU
		{BA97E491-DFB2-4337-B90A-BDF0ED0DDA9B}.Debug|x64.ActiveCfg = Debug|Any CPU
		{BA97E491-DFB2-4337-B90A-BDF0ED0DDA9B}.Debug|x64.Build.0 = Debug|Any CPU
		{BA97E491-DFB2-4337-B90A-BDF0ED0DDA9B}.Debug|x86.ActiveCfg = Debug|Any CPU
		{BA97E491-DFB2-4337-B90A-BDF0ED0DDA9B}.Debug|x86.Build.0 = Debug|Any CPU
		{BA97E491-DFB2-4337-B90A-BDF0ED0DDA9B}.Release|Any CPU.ActiveCfg = Release|Any CPU
		{BA97E491-DFB2-4337-B90A-BDF0ED0DDA9B}.Release|Any CPU.Build.0 = Release|Any CPU
		{BA97E491-DFB2-4337-B90A-BDF0ED0DDA9B}.Release|x64.ActiveCfg = Release|Any CPU
		{BA97E491-DFB2-4337-B90A-BDF0ED0DDA9B}.Release|x64.Build.0 = Release|Any CPU
		{BA97E491-DFB2-4337-B90A-BDF0ED0DDA9B}.Release|x86.ActiveCfg = Release|Any CPU
		{BA97E491-DFB2-4337-B90A-BDF0ED0DDA9B}.Release|x86.Build.0 = Release|Any CPU
		{16DD985E-8FFF-41F4-93CD-887379946EA5}.Debug|Any CPU.ActiveCfg = Debug|Any CPU
		{16DD985E-8FFF-41F4-93CD-887379946EA5}.Debug|Any CPU.Build.0 = Debug|Any CPU
		{16DD985E-8FFF-41F4-93CD-887379946EA5}.Debug|x64.ActiveCfg = Debug|Any CPU
		{16DD985E-8FFF-41F4-93CD-887379946EA5}.Debug|x64.Build.0 = Debug|Any CPU
		{16DD985E-8FFF-41F4-93CD-887379946EA5}.Debug|x86.ActiveCfg = Debug|Any CPU
		{16DD985E-8FFF-41F4-93CD-887379946EA5}.Debug|x86.Build.0 = Debug|Any CPU
		{16DD985E-8FFF-41F4-93CD-887379946EA5}.Release|Any CPU.ActiveCfg = Release|Any CPU
		{16DD985E-8FFF-41F4-93CD-887379946EA5}.Release|Any CPU.Build.0 = Release|Any CPU
		{16DD985E-8FFF-41F4-93CD-887379946EA5}.Release|x64.ActiveCfg = Release|Any CPU
		{16DD985E-8FFF-41F4-93CD-887379946EA5}.Release|x64.Build.0 = Release|Any CPU
		{16DD985E-8FFF-41F4-93CD-887379946EA5}.Release|x86.ActiveCfg = Release|Any CPU
		{16DD985E-8FFF-41F4-93CD-887379946EA5}.Release|x86.Build.0 = Release|Any CPU
	EndGlobalSection
	GlobalSection(SolutionProperties) = preSolution
		HideSolutionNode = FALSE
	EndGlobalSection
	GlobalSection(NestedProjects) = preSolution
		{C78BEE34-7141-429F-9504-048F3EB9DA51} = {827E0CD3-B72D-47B6-A68D-7590B98EB39B}
		{08A6FFDE-2F0C-4CA1-A173-5D13093F008C} = {827E0CD3-B72D-47B6-A68D-7590B98EB39B}
		{A41CFB7F-4DAF-4392-B803-838D7FC3FC96} = {827E0CD3-B72D-47B6-A68D-7590B98EB39B}
		{0DD7974B-B233-4B8F-B83F-FFFDFEDE1C3A} = {827E0CD3-B72D-47B6-A68D-7590B98EB39B}
		{D606F183-4F16-4A39-8500-4F1040E61CD0} = {0AB3BF05-4346-4AA6-1389-037BE0695223}
		{404E1FC5-1125-4FAB-9312-93D2F07AB1DA} = {0AB3BF05-4346-4AA6-1389-037BE0695223}
		{BA97E491-DFB2-4337-B90A-BDF0ED0DDA9B} = {0AB3BF05-4346-4AA6-1389-037BE0695223}
		{16DD985E-8FFF-41F4-93CD-887379946EA5} = {0AB3BF05-4346-4AA6-1389-037BE0695223}
	EndGlobalSection
EndGlobal
